
Microsoft Visual Studio Solution File, Format Version 12.00
# Visual Studio 15
VisualStudioVersion = 15.0.27130.2027
MinimumVisualStudioVersion = 10.0.40219.1
Project("{9092AA53-FB77-4645-B42D-1CCCA6BD08BD}") = "NodejsConsoleApp1", "NodejsConsoleApp1\NodejsConsoleApp1.njsproj", "{9B75555D-B615-4371-8AF5-106FA0E6DB59}"
EndProject
Project("{9092AA53-FB77-4645-B42D-1CCCA6BD08BD}") = "NodejsWebApp1", "NodejsWebApp1\NodejsWebApp1.njsproj", "{AAF1640E-7763-4211-A211-3B284656D00D}"
EndProject
Project("{2150E333-8FDC-42A3-9474-1A3956D46DE8}") = "Solution Items", "Solution Items", "{57A98D18-993A-4805-9DD0-39D0E82EDF31}"
	ProjectSection(SolutionItems) = preProject
		README.md = README.md
	EndProjectSection
EndProject
Global
	GlobalSection(SolutionConfigurationPlatforms) = preSolution
		Debug|Any CPU = Debug|Any CPU
		Release|Any CPU = Release|Any CPU
	EndGlobalSection
	GlobalSection(ProjectConfigurationPlatforms) = postSolution
		{9B75555D-B615-4371-8AF5-106FA0E6DB59}.Debug|Any CPU.ActiveCfg = Debug|Any CPU
		{9B75555D-B615-4371-8AF5-106FA0E6DB59}.Debug|Any CPU.Build.0 = Debug|Any CPU
		{9B75555D-B615-4371-8AF5-106FA0E6DB59}.Release|Any CPU.ActiveCfg = Release|Any CPU
		{9B75555D-B615-4371-8AF5-106FA0E6DB59}.Release|Any CPU.Build.0 = Release|Any CPU
		{AAF1640E-7763-4211-A211-3B284656D00D}.Debug|Any CPU.ActiveCfg = Debug|Any CPU
		{AAF1640E-7763-4211-A211-3B284656D00D}.Debug|Any CPU.Build.0 = Debug|Any CPU
		{AAF1640E-7763-4211-A211-3B284656D00D}.Release|Any CPU.ActiveCfg = Release|Any CPU
		{AAF1640E-7763-4211-A211-3B284656D00D}.Release|Any CPU.Build.0 = Release|Any CPU
	EndGlobalSection
	GlobalSection(SolutionProperties) = preSolution
		HideSolutionNode = FALSE
	EndGlobalSection
	GlobalSection(ExtensibilityGlobals) = postSolution
		SolutionGuid = {7E4027AE-F4B1-4583-A0E8-0F7D857B6E25}
	EndGlobalSection
EndGlobal
